Microsoft Visual Studio Solution File, Format Version 12.00
# Visual Studio Version 17
VisualStudioVersion = 17.5.2.0
MinimumVisualStudioVersion = 10.0.40219.1
Project("{FAE04EC0-301F-11D3-BF4B-00C04F79EFBC}") = "POCHAOSLYPSE", "POCHAOSLYPSE\POCHAOSLYPSE.csproj", "{7D89BE34-49A2-E13C-32B3-31F49A824436}"
EndProject
Global
	GlobalSection(SolutionConfigurationPlatforms) = preSolution
		Debug|Any CPU = Debug|Any CPU
		Release|Any CPU = Release|Any CPU
	EndGlobalSection
	GlobalSection(ProjectConfigurationPlatforms) = postSolution
		{7D89BE34-49A2-E13C-32B3-31F49A824436}.Debug|Any CPU.ActiveCfg = Debug|Any CPU
		{7D89BE34-49A2-E13C-32B3-31F49A824436}.Debug|Any CPU.Build.0 = Debug|Any CPU
		{7D89BE34-49A2-E13C-32B3-31F49A824436}.Release|Any CPU.ActiveCfg = Release|Any CPU
		{7D89BE34-49A2-E13C-32B3-31F49A824436}.Release|Any CPU.Build.0 = Release|Any CPU
	EndGlobalSection
	GlobalSection(SolutionProperties) = preSolution
		HideSolutionNode = FALSE
	EndGlobalSection
	GlobalSection(ExtensibilityGlobals) = postSolution
		SolutionGuid = {A3E7F7C9-9724-4BBA-83B0-2F111DD46978}
	EndGlobalSection
EndGlobal
